{
  "name": "wave-shell",
  "lockfileVersion": 2,
  "requires": true,
  "packages": {
    "": {
      "name": "wave-shell",
      "dependencies": {
        "cli-table3": "^0.6.3",
        "require-all": "^3.0.0"
      },
      "bin": {
        "wave": "bin/wave"
      },
      "devDependencies": {
        "bun-types": "latest"
      },
      "peerDependencies": {
        "typescript": "^5.0.0"
      }
    },
    "node_modules/@colors/colors": {
      "version": "1.5.0",
      "license": "MIT",
      "optional": true,
      "engines": {
        "node": ">=0.1.90"
      }
    },
    "node_modules/@types/node": {
      "version": "20.10.6",
      "dev": true,
      "license": "MIT",
      "dependencies": {
        "undici-types": "~5.26.4"
      }
    },
    "node_modules/@types/node/node_modules/undici-types": {
      "version": "5.26.5",
      "dev": true,
      "license": "MIT"
    },
    "node_modules/@types/ws": {
      "version": "8.5.10",
      "dev": true,
      "license": "MIT",
      "dependencies": {
        "@types/node": "*"
      }
    },
    "node_modules/ansi-regex": {
      "version": "5.0.1",
      "license": "MIT",
      "engines": {
        "node": ">=8"
      }
    },
    "node_modules/bun-types": {
      "version": "1.0.22",
      "resolved": "https://registry.npmjs.org/bun-types/-/bun-types-1.0.22.tgz",
      "integrity": "sha512-JxmXAx6cXb37+rMsn30WRXlz9lbPFR9rQE78hNSoy5wJ8m/nUktkmHpo7xZb/YKDds23ifxWLjDtyni9MeXLgw==",
      "dev": true,
      "dependencies": {
        "@types/node": "*",
        "@types/ws": "*",
        "undici-types": "^5.26.4"
      }
    },
    "node_modules/cli-table3": {
      "version": "0.6.3",
      "license": "MIT",
      "dependencies": {
        "string-width": "^4.2.0"
      },
      "engines": {
        "node": "10.* || >= 12.*"
      },
      "optionalDependencies": {
        "@colors/colors": "1.5.0"
      }
    },
    "node_modules/emoji-regex": {
      "version": "8.0.0",
      "license": "MIT"
    },
    "node_modules/is-fullwidth-code-point": {
      "version": "3.0.0",
      "license": "MIT",
      "engines": {
        "node": ">=8"
      }
    },
    "node_modules/require-all": {
      "version": "3.0.0",
      "license": "MIT",
      "engines": {
        "node": ">= 0.8"
      }
    },
    "node_modules/string-width": {
      "version": "4.2.3",
      "license": "MIT",
      "dependencies": {
        "emoji-regex": "^8.0.0",
        "is-fullwidth-code-point": "^3.0.0",
        "strip-ansi": "^6.0.1"
      },
      "engines": {
        "node": ">=8"
      }
    },
    "node_modules/strip-ansi": {
      "version": "6.0.1",
      "license": "MIT",
      "dependencies": {
        "ansi-regex": "^5.0.1"
      },
      "engines": {
        "node": ">=8"
      }
    },
    "node_modules/typescript": {
      "version": "5.3.3",
      "resolved": "https://registry.npmjs.org/typescript/-/typescript-5.3.3.tgz",
      "integrity": "sha512-pXWcraxM0uxAS+tN0AG/BF2TyqmHO014Z070UsJ+pFvYuRSq8KH8DmWpnbXe0pEPDHXZV3FcAbJkijJ5oNEnWw==",
      "peer": true,
      "bin": {
        "tsc": "bin/tsc",
        "tsserver": "bin/tsserver"
      },
      "engines": {
        "node": ">=14.17"
      }
    },
    "node_modules/undici-types": {
      "version": "5.28.2",
      "dev": true,
      "license": "MIT"
    }
  },
  "dependencies": {
    "@colors/colors": {
      "version": "1.5.0",
      "optional": true
    },
    "@types/node": {
      "version": "20.10.6",
      "dev": true,
      "requires": {
        "undici-types": "~5.26.4"
      },
      "dependencies": {
        "undici-types": {
          "version": "5.26.5",
          "dev": true
        }
      }
    },
    "@types/ws": {
      "version": "8.5.10",
      "dev": true,
      "requires": {
        "@types/node": "*"
      }
    },
    "ansi-regex": {
      "version": "5.0.1"
    },
    "bun-types": {
      "version": "1.0.22",
      "resolved": "https://registry.npmjs.org/bun-types/-/bun-types-1.0.22.tgz",
      "integrity": "sha512-JxmXAx6cXb37+rMsn30WRXlz9lbPFR9rQE78hNSoy5wJ8m/nUktkmHpo7xZb/YKDds23ifxWLjDtyni9MeXLgw==",
      "dev": true,
      "requires": {
        "@types/node": "*",
        "@types/ws": "*",
        "undici-types": "^5.26.4"
      }
    },
    "cli-table3": {
      "version": "0.6.3",
      "requires": {
        "@colors/colors": "1.5.0",
        "string-width": "^4.2.0"
      }
    },
    "emoji-regex": {
      "version": "8.0.0"
    },
    "is-fullwidth-code-point": {
      "version": "3.0.0"
    },
    "require-all": {
      "version": "3.0.0"
    },
    "string-width": {
      "version": "4.2.3",
      "requires": {
        "emoji-regex": "^8.0.0",
        "is-fullwidth-code-point": "^3.0.0",
        "strip-ansi": "^6.0.1"
      }
    },
    "strip-ansi": {
      "version": "6.0.1",
      "requires": {
        "ansi-regex": "^5.0.1"
      }
    },
    "typescript": {
      "version": "5.3.3",
      "resolved": "https://registry.npmjs.org/typescript/-/typescript-5.3.3.tgz",
      "integrity": "sha512-pXWcraxM0uxAS+tN0AG/BF2TyqmHO014Z070UsJ+pFvYuRSq8KH8DmWpnbXe0pEPDHXZV3FcAbJkijJ5oNEnWw==",
      "peer": true
    },
    "undici-types": {
      "version": "5.28.2",
      "dev": true
    }
  }
}
